
Microsoft Visual Studio Solution File, Format Version 12.00
# Visual Studio Version 17
VisualStudioVersion = 17.5.33414.496
MinimumVisualStudioVersion = 10.0.40219.1
Project("{8BC9CEB8-8B4A-11D0-8D11-00A0C91BC942}") = "ProductPolicyViewerCPP", "ProductPolicyViewerCPP\ProductPolicyViewerCPP.vcxproj", "{ADFB6003-CD0D-42F7-B340-8D90D9FAF624}"
EndProject
Project("{8BC9CEB8-8B4A-11D0-8D11-00A0C91BC942}") = "ProductPolicyViewerConsole", "ProductPolicyViewerConsole\ProductPolicyViewerConsole.vcxproj", "{B79F2CE2-72F2-4292-9717-70E23C06F4A1}"
EndProject
Global
	GlobalSection(SolutionConfigurationPlatforms) = preSolution
		Debug|ARM = Debug|ARM
		Debug|ARM64 = Debug|ARM64
		Debug|x64 = Debug|x64
		Debug|x86 = Debug|x86
		DebugXP|ARM = DebugXP|ARM
		DebugXP|ARM64 = DebugXP|ARM64
		DebugXP|x64 = DebugXP|x64
		DebugXP|x86 = DebugXP|x86
		Release|ARM = Release|ARM
		Release|ARM64 = Release|ARM64
		Release|x64 = Release|x64
		Release|x86 = Release|x86
	EndGlobalSection
	GlobalSection(ProjectConfigurationPlatforms) = postSolution
		{ADFB6003-CD0D-42F7-B340-8D90D9FAF624}.Debug|ARM.ActiveCfg = Debug|ARM
		{ADFB6003-CD0D-42F7-B340-8D90D9FAF624}.Debug|ARM.Build.0 = Debug|ARM
		{ADFB6003-CD0D-42F7-B340-8D90D9FAF624}.Debug|ARM64.ActiveCfg = Debug|ARM64
		{ADFB6003-CD0D-42F7-B340-8D90D9FAF624}.Debug|ARM64.Build.0 = Debug|ARM64
		{ADFB6003-CD0D-42F7-B340-8D90D9FAF624}.Debug|x64.ActiveCfg = Debug|x64
		{ADFB6003-CD0D-42F7-B340-8D90D9FAF624}.Debug|x64.Build.0 = Debug|x64
		{ADFB6003-CD0D-42F7-B340-8D90D9FAF624}.Debug|x86.ActiveCfg = Debug|Win32
		{ADFB6003-CD0D-42F7-B340-8D90D9FAF624}.Debug|x86.Build.0 = Debug|Win32
		{ADFB6003-CD0D-42F7-B340-8D90D9FAF624}.DebugXP|ARM.ActiveCfg = DebugXP|ARM
		{ADFB6003-CD0D-42F7-B340-8D90D9FAF624}.DebugXP|ARM.Build.0 = DebugXP|ARM
		{ADFB6003-CD0D-42F7-B340-8D90D9FAF624}.DebugXP|ARM64.ActiveCfg = DebugXP|ARM64
		{ADFB6003-CD0D-42F7-B340-8D90D9FAF624}.DebugXP|ARM64.Build.0 = DebugXP|ARM64
		{ADFB6003-CD0D-42F7-B340-8D90D9FAF624}.DebugXP|x64.ActiveCfg = DebugXP|x64
		{ADFB6003-CD0D-42F7-B340-8D90D9FAF624}.DebugXP|x64.Build.0 = DebugXP|x64
		{ADFB6003-CD0D-42F7-B340-8D90D9FAF624}.DebugXP|x86.ActiveCfg = DebugXP|Win32
		{ADFB6003-CD0D-42F7-B340-8D90D9FAF624}.DebugXP|x86.Build.0 = DebugXP|Win32
		{ADFB6003-CD0D-42F7-B340-8D90D9FAF624}.Release|ARM.ActiveCfg = Release|ARM
		{ADFB6003-CD0D-42F7-B340-8D90D9FAF624}.Release|ARM.Build.0 = Release|ARM
		{ADFB6003-CD0D-42F7-B340-8D90D9FAF624}.Release|ARM64.ActiveCfg = Release|ARM64
		{ADFB6003-CD0D-42F7-B340-8D90D9FAF624}.Release|ARM64.Build.0 = Release|ARM64
		{ADFB6003-CD0D-42F7-B340-8D90D9FAF624}.Release|x64.ActiveCfg = Release|x64
		{ADFB6003-CD0D-42F7-B340-8D90D9FAF624}.Release|x64.Build.0 = Release|x64
		{ADFB6003-CD0D-42F7-B340-8D90D9FAF624}.Release|x86.ActiveCfg = Release|Win32
		{ADFB6003-CD0D-42F7-B340-8D90D9FAF624}.Release|x86.Build.0 = Release|Win32
		{B79F2CE2-72F2-4292-9717-70E23C06F4A1}.Debug|ARM.ActiveCfg = Debug|x64
		{B79F2CE2-72F2-4292-9717-70E23C06F4A1}.Debug|ARM.Build.0 = Debug|x64
		{B79F2CE2-72F2-4292-9717-70E23C06F4A1}.Debug|ARM64.ActiveCfg = Debug|x64
		{B79F2CE2-72F2-4292-9717-70E23C06F4A1}.Debug|ARM64.Build.0 = Debug|x64
		{B79F2CE2-72F2-4292-9717-70E23C06F4A1}.Debug|x64.ActiveCfg = Debug|x64
		{B79F2CE2-72F2-4292-9717-70E23C06F4A1}.Debug|x64.Build.0 = Debug|x64
		{B79F2CE2-72F2-4292-9717-70E23C06F4A1}.Debug|x86.ActiveCfg = Debug|Win32
		{B79F2CE2-72F2-4292-9717-70E23C06F4A1}.Debug|x86.Build.0 = Debug|Win32
		{B79F2CE2-72F2-4292-9717-70E23C06F4A1}.DebugXP|ARM.ActiveCfg = Debug|x64
		{B79F2CE2-72F2-4292-9717-70E23C06F4A1}.DebugXP|ARM.Build.0 = Debug|x64
		{B79F2CE2-72F2-4292-9717-70E23C06F4A1}.DebugXP|ARM64.ActiveCfg = Debug|x64
		{B79F2CE2-72F2-4292-9717-70E23C06F4A1}.DebugXP|ARM64.Build.0 = Debug|x64
		{B79F2CE2-72F2-4292-9717-70E23C06F4A1}.DebugXP|x64.ActiveCfg = Debug|x64
		{B79F2CE2-72F2-4292-9717-70E23C06F4A1}.DebugXP|x64.Build.0 = Debug|x64
		{B79F2CE2-72F2-4292-9717-70E23C06F4A1}.DebugXP|x86.ActiveCfg = Debug|Win32
		{B79F2CE2-72F2-4292-9717-70E23C06F4A1}.DebugXP|x86.Build.0 = Debug|Win32
		{B79F2CE2-72F2-4292-9717-70E23C06F4A1}.Release|ARM.ActiveCfg = Release|x64
		{B79F2CE2-72F2-4292-9717-70E23C06F4A1}.Release|ARM.Build.0 = Release|x64
		{B79F2CE2-72F2-4292-9717-70E23C06F4A1}.Release|ARM64.ActiveCfg = Release|x64
		{B79F2CE2-72F2-4292-9717-70E23C06F4A1}.Release|ARM64.Build.0 = Release|x64
		{B79F2CE2-72F2-4292-9717-70E23C06F4A1}.Release|x64.ActiveCfg = Release|x64
		{B79F2CE2-72F2-4292-9717-70E23C06F4A1}.Release|x64.Build.0 = Release|x64
		{B79F2CE2-72F2-4292-9717-70E23C06F4A1}.Release|x86.ActiveCfg = Release|Win32
		{B79F2CE2-72F2-4292-9717-70E23C06F4A1}.Release|x86.Build.0 = Release|Win32
	EndGlobalSection
	GlobalSection(SolutionProperties) = preSolution
		HideSolutionNode = FALSE
	EndGlobalSection
	GlobalSection(ExtensibilityGlobals) = postSolution
		SolutionGuid = {75BA57D8-0CE7-4B22-9F25-CD3AD8D68BFA}
	EndGlobalSection
EndGlobal
